// !$*UTF8*$!
{
	archiveVersion = 1;
	classes = {
	};
	objectVersion = 55;
	objects = {

/* Begin PBXBuildFile section */
		318D76D2038E7551990B3A01 /* Pods_ImageUploadAndSaveToStorage.framework in Frameworks */ = {isa = PBXBuildFile; fileRef = A7D21E2968147459E8B250C2 /* Pods_ImageUploadAndSaveToStorage.framework */; };
		843C22C227CCDB8200CE9ACB /* AppDelegate.swift in Sources */ = {isa = PBXBuildFile; fileRef = 843C22C127CCDB8200CE9ACB /* AppDelegate.swift */; };
		843C22C427CCDB8200CE9ACB /* SceneDelegate.swift in Sources */ = {isa = PBXBuildFile; fileRef = 843C22C327CCDB8200CE9ACB /* SceneDelegate.swift */; };
		843C22C627CCDB8200CE9ACB /* ViewController.swift in Sources */ = {isa = PBXBuildFile; fileRef = 843C22C527CCDB8200CE9ACB /* ViewController.swift */; };
		843C22C927CCDB8200CE9ACB /* Main.storyboard in Resources */ = {isa = PBXBuildFile; fileRef = 843C22C727CCDB8200CE9ACB /* Main.storyboard */; };
		843C22CB27CCDB8400CE9ACB /* Assets.xcassets in Resources */ = {isa = PBXBuildFile; fileRef = 843C22CA27CCDB8400CE9ACB /* Assets.xcassets */; };
		843C22CE27CCDB8400CE9ACB /* LaunchScreen.storyboard in Resources */ = {isa = PBXBuildFile; fileRef = 843C22CC27CCDB8400CE9ACB /* LaunchScreen.storyboard */; };
		843FF04F27D7225000B99DF7 /* Model.swift in Sources */ = {isa = PBXBuildFile; fileRef = 843FF04E27D7225000B99DF7 /* Model.swift */; };
		843FF05127D741B100B99DF7 /* SignInViewController.swift in Sources */ = {isa = PBXBuildFile; fileRef = 843FF05027D741B100B99DF7 /* SignInViewController.swift */; };
		843FF05327D7943600B99DF7 /* SignUpViewController.swift in Sources */ = {isa = PBXBuildFile; fileRef = 843FF05227D7943600B99DF7 /* SignUpViewController.swift */; };
		844105AB27D271290017E144 /* WebKitViewController.swift in Sources */ = {isa = PBXBuildFile; fileRef = 844105AA27D271290017E144 /* WebKitViewController.swift */; };
		8457628727CD0FF100E5296A /* GoogleService-Info.plist in Resources */ = {isa = PBXBuildFile; fileRef = 8457628627CD0FF100E5296A /* GoogleService-Info.plist */; };
		84B55F9527D210B300E70AE4 /* ViewModel.swift in Sources */ = {isa = PBXBuildFile; fileRef = 84B55F9427D210B300E70AE4 /* ViewModel.swift */; };
		84B55F9727D24F3000E70AE4 /* PdfCollectionViewCell.swift in Sources */ = {isa = PBXBuildFile; fileRef = 84B55F9627D24F3000E70AE4 /* PdfCollectionViewCell.swift */; };
		84B55F9927D24F4B00E70AE4 /* GoogleSignInViewController.swift in Sources */ = {isa = PBXBuildFile; fileRef = 84B55F9827D24F4B00E70AE4 /* GoogleSignInViewController.swift */; };
		84BCBAB327CE065F00255E39 /* CollectionViewCell.swift in Sources */ = {isa = PBXBuildFile; fileRef = 84BCBAB227CE065F00255E39 /* CollectionViewCell.swift */; };
/* End PBXBuildFile section */

/* Begin PBXFileReference section */
		6D54D8279B17DBF72C3A731B /* Pods-ImageUploadAndSaveToStorage.release.xcconfig */ = {isa = PBXFileReference; includeInIndex = 1; lastKnownFileType = text.xcconfig; name = "Pods-ImageUploadAndSaveToStorage.release.xcconfig"; path = "Target Support Files/Pods-ImageUploadAndSaveToStorage/Pods-ImageUploadAndSaveToStorage.release.xcconfig"; sourceTree = "<group>"; };
		843C22BE27CCDB8200CE9ACB /* ImageUploadAndSaveToStorage.app */ = {isa = PBXFileReference; explicitFileType = wrapper.application; includeInIndex = 0; path = ImageUploadAndSaveToStorage.app; sourceTree = BUILT_PRODUCTS_DIR; };
		843C22C127CCDB8200CE9ACB /* AppDelegate.swift */ = {isa = PBXFileReference; lastKnownFileType = sourcecode.swift; path = AppDelegate.swift; sourceTree = "<group>"; };
		843C22C327CCDB8200CE9ACB /* SceneDelegate.swift */ = {isa = PBXFileReference; lastKnownFileType = sourcecode.swift; path = SceneDelegate.swift; sourceTree = "<group>"; };
		843C22C527CCDB8200CE9ACB /* ViewController.swift */ = {isa = PBXFileReference; lastKnownFileType = sourcecode.swift; path = ViewController.swift; sourceTree = "<group>"; };
		843C22C827CCDB8200CE9ACB /* Base */ = {isa = PBXFileReference; lastKnownFileType = file.storyboard; name = Base; path = Base.lproj/Main.storyboard; sourceTree = "<group>"; };
		843C22CA27CCDB8400CE9ACB /* Assets.xcassets */ = {isa = PBXFileReference; lastKnownFileType = folder.assetcatalog; path = Assets.xcassets; sourceTree = "<group>"; };
		843C22CD27CCDB8400CE9ACB /* Base */ = {isa = PBXFileReference; lastKnownFileType = file.storyboard; name = Base; path = Base.lproj/LaunchScreen.storyboard; sourceTree = "<group>"; };
		843C22CF27CCDB8400CE9ACB /* Info.plist */ = {isa = PBXFileReference; lastKnownFileType = text.plist.xml; path = Info.plist; sourceTree = "<group>"; };
		843FF04E27D7225000B99DF7 /* Model.swift */ = {isa = PBXFileReference; lastKnownFileType = sourcecode.swift; path = Model.swift; sourceTree = "<group>"; };
		843FF05027D741B100B99DF7 /* SignInViewController.swift */ = {isa = PBXFileReference; lastKnownFileType = sourcecode.swift; path = SignInViewController.swift; sourceTree = "<group>"; };
		843FF05227D7943600B99DF7 /* SignUpViewController.swift */ = {isa = PBXFileReference; lastKnownFileType = sourcecode.swift; path = SignUpViewController.swift; sourceTree = "<group>"; };
		844105AA27D271290017E144 /* WebKitViewController.swift */ = {isa = PBXFileReference; lastKnownFileType = sourcecode.swift; path = WebKitViewController.swift; sourceTree = "<group>"; };
		8457628627CD0FF100E5296A /* GoogleService-Info.plist */ = {isa = PBXFileReference; fileEncoding = 4; lastKnownFileType = text.plist.xml; path = "GoogleService-Info.plist"; sourceTree = "<group>"; };
		84B55F9427D210B300E70AE4 /* ViewModel.swift */ = {isa = PBXFileReference; lastKnownFileType = sourcecode.swift; path = ViewModel.swift; sourceTree = "<group>"; };
		84B55F9627D24F3000E70AE4 /* PdfCollectionViewCell.swift */ = {isa = PBXFileReference; lastKnownFileType = sourcecode.swift; path = PdfCollectionViewCell.swift; sourceTree = "<group>"; };
		84B55F9827D24F4B00E70AE4 /* GoogleSignInViewController.swift */ = {isa = PBXFileReference; lastKnownFileType = sourcecode.swift; path = GoogleSignInViewController.swift; sourceTree = "<group>"; };
		84BCBAB227CE065F00255E39 /* CollectionViewCell.swift */ = {isa = PBXFileReference; lastKnownFileType = sourcecode.swift; path = CollectionViewCell.swift; sourceTree = "<group>"; };
		964560CC315C59D666943749 /* Pods-ImageUploadAndSaveToStorage.debug.xcconfig */ = {isa = PBXFileReference; includeInIndex = 1; lastKnownFileType = text.xcconfig; name = "Pods-ImageUploadAndSaveToStorage.debug.xcconfig"; path = "Target Support Files/Pods-ImageUploadAndSaveToStorage/Pods-ImageUploadAndSaveToStorage.debug.xcconfig"; sourceTree = "<group>"; };
		A7D21E2968147459E8B250C2 /* Pods_ImageUploadAndSaveToStorage.framework */ = {isa = PBXFileReference; explicitFileType = wrapper.framework; includeInIndex = 0; path = Pods_ImageUploadAndSaveToStorage.framework; sourceTree = BUILT_PRODUCTS_DIR; };
/* End PBXFileReference section */

/* Begin PBXFrameworksBuildPhase section */
		843C22BB27CCDB8200CE9ACB /* Frameworks */ = {
			isa = PBXFrameworksBuildPhase;
			buildActionMask = 2147483647;
			files = (
				318D76D2038E7551990B3A01 /* Pods_ImageUploadAndSaveToStorage.framework in Frameworks */,
			);
			runOnlyForDeploymentPostprocessing = 0;
		};
/* End PBXFrameworksBuildPhase section */

/* Begin PBXGroup section */
		843C22B527CCDB8200CE9ACB = {
			isa = PBXGroup;
			children = (
				843FF05227D7943600B99DF7 /* SignUpViewController.swift */,
				843FF05027D741B100B99DF7 /* SignInViewController.swift */,
				844105AA27D271290017E144 /* WebKitViewController.swift */,
				84B55F9827D24F4B00E70AE4 /* GoogleSignInViewController.swift */,
				843C22C027CCDB8200CE9ACB /* ImageUploadAndSaveToStorage */,
				843C22BF27CCDB8200CE9ACB /* Products */,
				C8045788911C9B891198D103 /* Pods */,
				8F60F18861D251E3BCECBA33 /* Frameworks */,
			);
			sourceTree = "<group>";
		};
		843C22BF27CCDB8200CE9ACB /* Products */ = {
			isa = PBXGroup;
			children = (
				843C22BE27CCDB8200CE9ACB /* ImageUploadAndSaveToStorage.app */,
			);
			name = Products;
			sourceTree = "<group>";
		};
		843C22C027CCDB8200CE9ACB /* ImageUploadAndSaveToStorage */ = {
			isa = PBXGroup;
			children = (
				8457628627CD0FF100E5296A /* GoogleService-Info.plist */,
				843C22C127CCDB8200CE9ACB /* AppDelegate.swift */,
				843C22C327CCDB8200CE9ACB /* SceneDelegate.swift */,
				843C22C527CCDB8200CE9ACB /* ViewController.swift */,
				843C22C727CCDB8200CE9ACB /* Main.storyboard */,
				843C22CA27CCDB8400CE9ACB /* Assets.xcassets */,
				843C22CC27CCDB8400CE9ACB /* LaunchScreen.storyboard */,
				843C22CF27CCDB8400CE9ACB /* Info.plist */,
				84BCBAB227CE065F00255E39 /* CollectionViewCell.swift */,
				84B55F9627D24F3000E70AE4 /* PdfCollectionViewCell.swift */,
				84B55F9427D210B300E70AE4 /* ViewModel.swift */,
				843FF04E27D7225000B99DF7 /* Model.swift */,
			);
			path = ImageUploadAndSaveToStorage;
			sourceTree = "<group>";
		};
		8F60F18861D251E3BCECBA33 /* Frameworks */ = {
			isa = PBXGroup;
			children = (
				A7D21E2968147459E8B250C2 /* Pods_ImageUploadAndSaveToStorage.framework */,
			);
			name = Frameworks;
			sourceTree = "<group>";
		};
		C8045788911C9B891198D103 /* Pods */ = {
			isa = PBXGroup;
			children = (
				964560CC315C59D666943749 /* Pods-ImageUploadAndSaveToStorage.debug.xcconfig */,
				6D54D8279B17DBF72C3A731B /* Pods-ImageUploadAndSaveToStorage.release.xcconfig */,
			);
			path = Pods;
			sourceTree = "<group>";
		};
/* End PBXGroup section */

/* Begin PBXNativeTarget section */
		843C22BD27CCDB8200CE9ACB /* ImageUploadAndSaveToStorage */ = {
			isa = PBXNativeTarget;
			buildConfigurationList = 843C22D227CCDB8400CE9ACB /* Build configuration list for PBXNativeTarget "ImageUploadAndSaveToStorage" */;
			buildPhases = (
				C4B3489AA6C00E859936D441 /* [CP] Check Pods Manifest.lock */,
				843C22BA27CCDB8200CE9ACB /* Sources */,
				843C22BB27CCDB8200CE9ACB /* Frameworks */,
				843C22BC27CCDB8200CE9ACB /* Resources */,
				A5B0196FD0761EA310F14E19 /* [CP] Embed Pods Frameworks */,
			);
			buildRules = (
			);
			dependencies = (
			);
			name = ImageUploadAndSaveToStorage;
			productName = ImageUploadAndSaveToStorage;
			productReference = 843C22BE27CCDB8200CE9ACB /* ImageUploadAndSaveToStorage.app */;
			productType = "com.apple.product-type.application";
		};
/* End PBXNativeTarget section */

/* Begin PBXProject section */
		843C22B627CCDB8200CE9ACB /* Project object */ = {
			isa = PBXProject;
			attributes = {
				BuildIndependentTargetsInParallel = 1;
				LastSwiftUpdateCheck = 1320;
				LastUpgradeCheck = 1320;
				TargetAttributes = {
					843C22BD27CCDB8200CE9ACB = {
						CreatedOnToolsVersion = 13.2.1;
					};
				};
			};
			buildConfigurationList = 843C22B927CCDB8200CE9ACB /* Build configuration list for PBXProject "ImageUploadAndSaveToStorage" */;
			compatibilityVersion = "Xcode 13.0";
			developmentRegion = en;
			hasScannedForEncodings = 0;
			knownRegions = (
				en,
				Base,
			);
			mainGroup = 843C22B527CCDB8200CE9ACB;
			productRefGroup = 843C22BF27CCDB8200CE9ACB /* Products */;
			projectDirPath = "";
			projectRoot = "";
			targets = (
				843C22BD27CCDB8200CE9ACB /* ImageUploadAndSaveToStorage */,
			);
		};
/* End PBXProject section */

/* Begin PBXResourcesBuildPhase section */
		843C22BC27CCDB8200CE9ACB /* Resources */ = {
			isa = PBXResourcesBuildPhase;
			buildActionMask = 2147483647;
			files = (
				843C22CE27CCDB8400CE9ACB /* LaunchScreen.storyboard in Resources */,
				843C22CB27CCDB8400CE9ACB /* Assets.xcassets in Resources */,
				843C22C927CCDB8200CE9ACB /* Main.storyboard in Resources */,
				8457628727CD0FF100E5296A /* GoogleService-Info.plist in Resources */,
			);
			runOnlyForDeploymentPostprocessing = 0;
		};
/* End PBXResourcesBuildPhase section */

/* Begin PBXShellScriptBuildPhase section */
		A5B0196FD0761EA310F14E19 /* [CP] Embed Pods Frameworks */ = {
			isa = PBXShellScriptBuildPhase;
			buildActionMask = 2147483647;
			files = (
			);
			inputFileListPaths = (
				"${PODS_ROOT}/Target Support Files/Pods-ImageUploadAndSaveToStorage/Pods-ImageUploadAndSaveToStorage-frameworks-${CONFIGURATION}-input-files.xcfilelist",
			);
			name = "[CP] Embed Pods Frameworks";
			outputFileListPaths = (
				"${PODS_ROOT}/Target Support Files/Pods-ImageUploadAndSaveToStorage/Pods-ImageUploadAndSaveToStorage-frameworks-${CONFIGURATION}-output-files.xcfilelist",
			);
			runOnlyForDeploymentPostprocessing = 0;
			shellPath = /bin/sh;
			shellScript = "\"${PODS_ROOT}/Target Support Files/Pods-ImageUploadAndSaveToStorage/Pods-ImageUploadAndSaveToStorage-frameworks.sh\"\n";
			showEnvVarsInLog = 0;
		};
		C4B3489AA6C00E859936D441 /* [CP] Check Pods Manifest.lock */ = {
			isa = PBXShellScriptBuildPhase;
			buildActionMask = 2147483647;
			files = (
			);
			inputFileListPaths = (
			);
			inputPaths = (
				"${PODS_PODFILE_DIR_PATH}/Podfile.lock",
				"${PODS_ROOT}/Manifest.lock",
			);
			name = "[CP] Check Pods Manifest.lock";
			outputFileListPaths = (
			);
			outputPaths = (
				"$(DERIVED_FILE_DIR)/Pods-ImageUploadAndSaveToStorage-checkManifestLockResult.txt",
			);
			runOnlyForDeploymentPostprocessing = 0;
			shellPath = /bin/sh;
			shellScript = "diff \"${PODS_PODFILE_DIR_PATH}/Podfile.lock\" \"${PODS_ROOT}/Manifest.lock\" > /dev/null\nif [ $? != 0 ] ; then\n    # print error to STDERR\n    echo \"error: The sandbox is not in sync with the Podfile.lock. Run 'pod install' or update your CocoaPods installation.\" >&2\n    exit 1\nfi\n# This output is used by Xcode 'outputs' to avoid re-running this script phase.\necho \"SUCCESS\" > \"${SCRIPT_OUTPUT_FILE_0}\"\n";
			showEnvVarsInLog = 0;
		};
/* End PBXShellScriptBuildPhase section */

/* Begin PBXSourcesBuildPhase section */
		843C22BA27CCDB8200CE9ACB /* Sources */ = {
			isa = PBXSourcesBuildPhase;
			buildActionMask = 2147483647;
			files = (
				843FF05327D7943600B99DF7 /* SignUpViewController.swift in Sources */,
				843FF04F27D7225000B99DF7 /* Model.swift in Sources */,
				84B55F9927D24F4B00E70AE4 /* GoogleSignInViewController.swift in Sources */,
				84B55F9527D210B300E70AE4 /* ViewModel.swift in Sources */,
				844105AB27D271290017E144 /* WebKitViewController.swift in Sources */,
				843C22C627CCDB8200CE9ACB /* ViewController.swift in Sources */,
				843C22C227CCDB8200CE9ACB /* AppDelegate.swift in Sources */,
				84B55F9727D24F3000E70AE4 /* PdfCollectionViewCell.swift in Sources */,
				84BCBAB327CE065F00255E39 /* CollectionViewCell.swift in Sources */,
				843C22C427CCDB8200CE9ACB /* SceneDelegate.swift in Sources */,
				843FF05127D741B100B99DF7 /* SignInViewController.swift in Sources */,
			);
			runOnlyForDeploymentPostprocessing = 0;
		};
/* End PBXSourcesBuildPhase section */

/* Begin PBXVariantGroup section */
		843C22C727CCDB8200CE9ACB /* Main.storyboard */ = {
			isa = PBXVariantGroup;
			children = (
				843C22C827CCDB8200CE9ACB /* Base */,
			);
			name = Main.storyboard;
			sourceTree = "<group>";
		};
		843C22CC27CCDB8400CE9ACB /* LaunchScreen.storyboard */ = {
			isa = PBXVariantGroup;
			children = (
				843C22CD27CCDB8400CE9ACB /* Base */,
			);
			name = LaunchScreen.storyboard;
			sourceTree = "<group>";
		};
/* End PBXVariantGroup section */

/* Begin XCBuildConfiguration section */
		843C22D027CCDB8400CE9ACB /* Debug */ = {
			isa = XCBuildConfiguration;
			buildSettings = {
				ALWAYS_SEARCH_USER_PATHS = NO;
				CLANG_ANALYZER_NONNULL = YES;
				CLANG_ANALYZER_NUMBER_OBJECT_CONVERSION = YES_AGGRESSIVE;
				CLANG_CXX_LANGUAGE_STANDARD = "gnu++17";
				CLANG_CXX_LIBRARY = "libc++";
				CLANG_ENABLE_MODULES = YES;
				CLANG_ENABLE_OBJC_ARC = YES;
				CLANG_ENABLE_OBJC_WEAK = YES;
				CLANG_WARN_BLOCK_CAPTURE_AUTORELEASING = YES;
				CLANG_WARN_BOOL_CONVERSION = YES;
				CLANG_WARN_COMMA = YES;
				CLANG_WARN_CONSTANT_CONVERSION = YES;
				CLANG_WARN_DEPRECATED_OBJC_IMPLEMENTATIONS = YES;
				CLANG_WARN_DIRECT_OBJC_ISA_USAGE = YES_ERROR;
				CLANG_WARN_DOCUMENTATION_COMMENTS = YES;
				CLANG_WARN_EMPTY_BODY = YES;
				CLANG_WARN_ENUM_CONVERSION = YES;
				CLANG_WARN_INFINITE_RECURSION = YES;
				CLANG_WARN_INT_CONVERSION = YES;
				CLANG_WARN_NON_LITERAL_NULL_CONVERSION = YES;
				CLANG_WARN_OBJC_IMPLICIT_RETAIN_SELF = YES;
				CLANG_WARN_OBJC_LITERAL_CONVERSION = YES;
				CLANG_WARN_OBJC_ROOT_CLASS = YES_ERROR;
				CLANG_WARN_QUOTED_INCLUDE_IN_FRAMEWORK_HEADER = YES;
				CLANG_WARN_RANGE_LOOP_ANALYSIS = YES;
				CLANG_WARN_STRICT_PROTOTYPES = YES;
				CLANG_WARN_SUSPICIOUS_MOVE = YES;
				CLANG_WARN_UNGUARDED_AVAILABILITY = YES_AGGRESSIVE;
				CLANG_WARN_UNREACHABLE_CODE = YES;
				CLANG_WARN__DUPLICATE_METHOD_MATCH = YES;
				COPY_PHASE_STRIP = NO;
				DEBUG_INFORMATION_FORMAT = dwarf;
				ENABLE_STRICT_OBJC_MSGSEND = YES;
				ENABLE_TESTABILITY = YES;
				GCC_C_LANGUAGE_STANDARD = gnu11;
				GCC_DYNAMIC_NO_PIC = NO;
				GCC_NO_COMMON_BLOCKS = YES;
				GCC_OPTIMIZATION_LEVEL = 0;
				GCC_PREPROCESSOR_DEFINITIONS = (
					"DEBUG=1",
					"$(inherited)",
				);
				GCC_WARN_64_TO_32_BIT_CONVERSION = YES;
				GCC_WARN_ABOUT_RETURN_TYPE = YES_ERROR;
				GCC_WARN_UNDECLARED_SELECTOR = YES;
				GCC_WARN_UNINITIALIZED_AUTOS = YES_AGGRESSIVE;
				GCC_WARN_UNUSED_FUNCTION = YES;
				GCC_WARN_UNUSED_VARIABLE = YES;
				IPHONEOS_DEPLOYMENT_TARGET = 15.2;
				MTL_ENABLE_DEBUG_INFO = INCLUDE_SOURCE;
				MTL_FAST_MATH = YES;
				ONLY_ACTIVE_ARCH = YES;
				SDKROOT = iphoneos;
				SWIFT_ACTIVE_COMPILATION_CONDITIONS = DEBUG;
				SWIFT_OPTIMIZATION_LEVEL = "-Onone";
			};
			name = Debug;
		};
		843C22D127CCDB8400CE9ACB /* Release */ = {
			isa = XCBuildConfiguration;
			buildSettings = {
				ALWAYS_SEARCH_USER_PATHS = NO;
				CLANG_ANALYZER_NONNULL = YES;
				CLANG_ANALYZER_NUMBER_OBJECT_CONVERSION = YES_AGGRESSIVE;
				CLANG_CXX_LANGUAGE_STANDARD = "gnu++17";
				CLANG_CXX_LIBRARY = "libc++";
				CLANG_ENABLE_MODULES = YES;
				CLANG_ENABLE_OBJC_ARC = YES;
				CLANG_ENABLE_OBJC_WEAK = YES;
				CLANG_WARN_BLOCK_CAPTURE_AUTORELEASING = YES;
				CLANG_WARN_BOOL_CONVERSION = YES;
				CLANG_WARN_COMMA = YES;
				CLANG_WARN_CONSTANT_CONVERSION = YES;
				CLANG_WARN_DEPRECATED_OBJC_IMPLEMENTATIONS = YES;
				CLANG_WARN_DIRECT_OBJC_ISA_USAGE = YES_ERROR;
				CLANG_WARN_DOCUMENTATION_COMMENTS = YES;
				CLANG_WARN_EMPTY_BODY = YES;
				CLANG_WARN_ENUM_CONVERSION = YES;
				CLANG_WARN_INFINITE_RECURSION = YES;
				CLANG_WARN_INT_CONVERSION = YES;
				CLANG_WARN_NON_LITERAL_NULL_CONVERSION = YES;
				CLANG_WARN_OBJC_IMPLICIT_RETAIN_SELF = YES;
				CLANG_WARN_OBJC_LITERAL_CONVERSION = YES;
				CLANG_WARN_OBJC_ROOT_CLASS = YES_ERROR;
				CLANG_WARN_QUOTED_INCLUDE_IN_FRAMEWORK_HEADER = YES;
				CLANG_WARN_RANGE_LOOP_ANALYSIS = YES;
				CLANG_WARN_STRICT_PROTOTYPES = YES;
				CLANG_WARN_SUSPICIOUS_MOVE = YES;
				CLANG_WARN_UNGUARDED_AVAILABILITY = YES_AGGRESSIVE;
				CLANG_WARN_UNREACHABLE_CODE = YES;
				CLANG_WARN__DUPLICATE_METHOD_MATCH = YES;
				COPY_PHASE_STRIP = NO;
				DEBUG_INFORMATION_FORMAT = "dwarf-with-dsym";
				ENABLE_NS_ASSERTIONS = NO;
				ENABLE_STRICT_OBJC_MSGSEND = YES;
				GCC_C_LANGUAGE_STANDARD = gnu11;
				GCC_NO_COMMON_BLOCKS = YES;
				GCC_WARN_64_TO_32_BIT_CONVERSION = YES;
				GCC_WARN_ABOUT_RETURN_TYPE = YES_ERROR;
				GCC_WARN_UNDECLARED_SELECTOR = YES;
				GCC_WARN_UNINITIALIZED_AUTOS = YES_AGGRESSIVE;
				GCC_WARN_UNUSED_FUNCTION = YES;
				GCC_WARN_UNUSED_VARIABLE = YES;
				IPHONEOS_DEPLOYMENT_TARGET = 15.2;
				MTL_ENABLE_DEBUG_INFO = NO;
				MTL_FAST_MATH = YES;
				SDKROOT = iphoneos;
				SWIFT_COMPILATION_MODE = wholemodule;
				SWIFT_OPTIMIZATION_LEVEL = "-O";
				VALIDATE_PRODUCT = YES;
			};
			name = Release;
		};
		843C22D327CCDB8400CE9ACB /* Debug */ = {
			isa = XCBuildConfiguration;
			baseConfigurationReference = 964560CC315C59D666943749 /* Pods-ImageUploadAndSaveToStorage.debug.xcconfig */;
			buildSettings = {
				ASSETCATALOG_COMPILER_APPICON_NAME = AppIcon;
				ASSETCATALOG_COMPILER_GLOBAL_ACCENT_COLOR_NAME = AccentColor;
				CODE_SIGN_STYLE = Automatic;
				CURRENT_PROJECT_VERSION = 1;
				GENERATE_INFOPLIST_FILE = YES;
				INFOPLIST_FILE = ImageUploadAndSaveToStorage/Info.plist;
				INFOPLIST_KEY_NSDesktopFolderUsageDescription = "";
				INFOPLIST_KEY_NSDocumentsFolderUsageDescription = "Please allow to access document folder";
				INFOPLIST_KEY_NSDownloadsFolderUsageDescription = "Please allow to access download folder";
				INFOPLIST_KEY_NSPhotoLibraryUsageDescription = "Please allow to access the photo";
				INFOPLIST_KEY_UIApplicationSupportsIndirectInputEvents = YES;
				INFOPLIST_KEY_UILaunchStoryboardName = LaunchScreen;
				INFOPLIST_KEY_UIMainStoryboardFile = Main;
				INFOPLIST_KEY_UISupportedInterfaceOrientations_iPad = "UIInterfaceOrientationPortrait UIInterfaceOrientationPortraitUpsideDown UIInterfaceOrientationLandscapeLeft UIInterfaceOrientationLandscapeRight";
				INFOPLIST_KEY_UISupportedInterfaceOrientations_iPhone = "UIInterfaceOrientationPortrait UIInterfaceOrientationLandscapeLeft UIInterfaceOrientationLandscapeRight";
				LD_RUNPATH_SEARCH_PATHS = (
					"$(inherited)",
					"@executable_path/Frameworks",
				);
				MARKETING_VERSION = 1.0;
				PRODUCT_BUNDLE_IDENTIFIER = com.Bipp.ImageUploadAndSaveToStorage;
				PRODUCT_NAME = "$(TARGET_NAME)";
				SWIFT_EMIT_LOC_STRINGS = YES;
				SWIFT_VERSION = 5.0;
				TARGETED_DEVICE_FAMILY = "1,2";
			};
			name = Debug;
		};
		843C22D427CCDB8400CE9ACB /* Release */ = {
			isa = XCBuildConfiguration;
			baseConfigurationReference = 6D54D8279B17DBF72C3A731B /* Pods-ImageUploadAndSaveToStorage.release.xcconfig */;
			buildSettings = {
				ASSETCATALOG_COMPILER_APPICON_NAME = AppIcon;
				ASSETCATALOG_COMPILER_GLOBAL_ACCENT_COLOR_NAME = AccentColor;
				CODE_SIGN_STYLE = Automatic;
				CURRENT_PROJECT_VERSION = 1;
				GENERATE_INFOPLIST_FILE = YES;
				INFOPLIST_FILE = ImageUploadAndSaveToStorage/Info.plist;
				INFOPLIST_KEY_NSDesktopFolderUsageDescription = "";
				INFOPLIST_KEY_NSDocumentsFolderUsageDescription = "Please allow to access document folder";
				INFOPLIST_KEY_NSDownloadsFolderUsageDescription = "Please allow to access download folder";
				INFOPLIST_KEY_NSPhotoLibraryUsageDescription = "Please allow to access the photo";
				INFOPLIST_KEY_UIApplicationSupportsIndirectInputEvents = YES;
				INFOPLIST_KEY_UILaunchStoryboardName = LaunchScreen;
				INFOPLIST_KEY_UIMainStoryboardFile = Main;
				INFOPLIST_KEY_UISupportedInterfaceOrientations_iPad = "UIInterfaceOrientationPortrait UIInterfaceOrientationPortraitUpsideDown UIInterfaceOrientationLandscapeLeft UIInterfaceOrientationLandscapeRight";
				INFOPLIST_KEY_UISupportedInterfaceOrientations_iPhone = "UIInterfaceOrientationPortrait UIInterfaceOrientationLandscapeLeft UIInterfaceOrientationLandscapeRight";
				LD_RUNPATH_SEARCH_PATHS = (
					"$(inherited)",
					"@executable_path/Frameworks",
				);
				MARKETING_VERSION = 1.0;
				PRODUCT_BUNDLE_IDENTIFIER = com.Bipp.ImageUploadAndSaveToStorage;
				PRODUCT_NAME = "$(TARGET_NAME)";
				SWIFT_EMIT_LOC_STRINGS = YES;
				SWIFT_VERSION = 5.0;
				TARGETED_DEVICE_FAMILY = "1,2";
			};
			name = Release;
		};
/* End XCBuildConfiguration section */

/* Begin XCConfigurationList section */
		843C22B927CCDB8200CE9ACB /* Build configuration list for PBXProject "ImageUploadAndSaveToStorage" */ = {
			isa = XCConfigurationList;
			buildConfigurations = (
				843C22D027CCDB8400CE9ACB /* Debug */,
				843C22D127CCDB8400CE9ACB /* Release */,
			);
			defaultConfigurationIsVisible = 0;
			defaultConfigurationName = Release;
		};
		843C22D227CCDB8400CE9ACB /* Build configuration list for PBXNativeTarget "ImageUploadAndSaveToStorage" */ = {
			isa = XCConfigurationList;
			buildConfigurations = (
				843C22D327CCDB8400CE9ACB /* Debug */,
				843C22D427CCDB8400CE9ACB /* Release */,
			);
			defaultConfigurationIsVisible = 0;
			defaultConfigurationName = Release;
		};
/* End XCConfigurationList section */
	};
	rootObject = 843C22B627CCDB8200CE9ACB /* Project object */;
}
